
Microsoft Visual Studio Solution File, Format Version 12.00
# Visual Studio 2013
VisualStudioVersion = 12.0.30723.0
MinimumVisualStudioVersion = 10.0.40219.1
Project("{F2A71F9B-5D33-465A-A702-920D77279786}") = "BRMLDrivers", "BRMLDrivers\BRMLDrivers.fsproj", "{E50402F9-C245-4E5D-AECA-1CF1E1920237}"
	ProjectSection(ProjectDependencies) = postProject
		{21C99EF6-C436-4F3D-9411-CA3470C9B4FE} = {21C99EF6-C436-4F3D-9411-CA3470C9B4FE}
	EndProjectSection
EndProject
Project("{F2A71F9B-5D33-465A-A702-920D77279786}") = "Test", "Test\Test.fsproj", "{02E291D1-6D13-4CF7-BA08-70021961790F}"
EndProject
Project("{8BC9CEB8-8B4A-11D0-8D11-00A0C91BC942}") = "biotac", "biotac\biotac.vcxproj", "{21C99EF6-C436-4F3D-9411-CA3470C9B4FE}"
EndProject
Global
	GlobalSection(SolutionConfigurationPlatforms) = preSolution
		Debug|Any CPU = Debug|Any CPU
		Debug|Win32 = Debug|Win32
		Debug|x64 = Debug|x64
		Release|Any CPU = Release|Any CPU
		Release|Win32 = Release|Win32
		Release|x64 = Release|x64
	EndGlobalSection
	GlobalSection(ProjectConfigurationPlatforms) = postSolution
		{E50402F9-C245-4E5D-AECA-1CF1E1920237}.Debug|Any CPU.ActiveCfg = Debug|Any CPU
		{E50402F9-C245-4E5D-AECA-1CF1E1920237}.Debug|Any CPU.Build.0 = Debug|Any CPU
		{E50402F9-C245-4E5D-AECA-1CF1E1920237}.Debug|Win32.ActiveCfg = Debug|Any CPU
		{E50402F9-C245-4E5D-AECA-1CF1E1920237}.Debug|x64.ActiveCfg = Debug|x64
		{E50402F9-C245-4E5D-AECA-1CF1E1920237}.Debug|x64.Build.0 = Debug|x64
		{E50402F9-C245-4E5D-AECA-1CF1E1920237}.Release|Any CPU.ActiveCfg = Release|Any CPU
		{E50402F9-C245-4E5D-AECA-1CF1E1920237}.Release|Any CPU.Build.0 = Release|Any CPU
		{E50402F9-C245-4E5D-AECA-1CF1E1920237}.Release|Win32.ActiveCfg = Release|Any CPU
		{E50402F9-C245-4E5D-AECA-1CF1E1920237}.Release|x64.ActiveCfg = Release|x64
		{E50402F9-C245-4E5D-AECA-1CF1E1920237}.Release|x64.Build.0 = Release|x64
		{02E291D1-6D13-4CF7-BA08-70021961790F}.Debug|Any CPU.ActiveCfg = Debug|Any CPU
		{02E291D1-6D13-4CF7-BA08-70021961790F}.Debug|Any CPU.Build.0 = Debug|Any CPU
		{02E291D1-6D13-4CF7-BA08-70021961790F}.Debug|Win32.ActiveCfg = Debug|Any CPU
		{02E291D1-6D13-4CF7-BA08-70021961790F}.Debug|x64.ActiveCfg = Debug|x64
		{02E291D1-6D13-4CF7-BA08-70021961790F}.Debug|x64.Build.0 = Debug|x64
		{02E291D1-6D13-4CF7-BA08-70021961790F}.Release|Any CPU.ActiveCfg = Release|Any CPU
		{02E291D1-6D13-4CF7-BA08-70021961790F}.Release|Any CPU.Build.0 = Release|Any CPU
		{02E291D1-6D13-4CF7-BA08-70021961790F}.Release|Win32.ActiveCfg = Release|Any CPU
		{02E291D1-6D13-4CF7-BA08-70021961790F}.Release|x64.ActiveCfg = Release|x64
		{02E291D1-6D13-4CF7-BA08-70021961790F}.Release|x64.Build.0 = Release|x64
		{21C99EF6-C436-4F3D-9411-CA3470C9B4FE}.Debug|Any CPU.ActiveCfg = Debug|Win32
		{21C99EF6-C436-4F3D-9411-CA3470C9B4FE}.Debug|Win32.ActiveCfg = Debug|Win32
		{21C99EF6-C436-4F3D-9411-CA3470C9B4FE}.Debug|Win32.Build.0 = Debug|Win32
		{21C99EF6-C436-4F3D-9411-CA3470C9B4FE}.Debug|x64.ActiveCfg = Debug|x64
		{21C99EF6-C436-4F3D-9411-CA3470C9B4FE}.Debug|x64.Build.0 = Debug|x64
		{21C99EF6-C436-4F3D-9411-CA3470C9B4FE}.Release|Any CPU.ActiveCfg = Release|Win32
		{21C99EF6-C436-4F3D-9411-CA3470C9B4FE}.Release|Win32.ActiveCfg = Release|Win32
		{21C99EF6-C436-4F3D-9411-CA3470C9B4FE}.Release|Win32.Build.0 = Release|Win32
		{21C99EF6-C436-4F3D-9411-CA3470C9B4FE}.Release|x64.ActiveCfg = Release|x64
		{21C99EF6-C436-4F3D-9411-CA3470C9B4FE}.Release|x64.Build.0 = Release|x64
	EndGlobalSection
	GlobalSection(SolutionProperties) = preSolution
		HideSolutionNode = FALSE
	EndGlobalSection
EndGlobal
